
Microsoft Visual Studio Solution File, Format Version 12.00
# Visual Studio Version 17
VisualStudioVersion = 17.2.32519.379
MinimumVisualStudioVersion = 10.0.40219.1
Project("{9A19103F-16F7-4668-BE54-9A1E7A4F7556}") = "Domain", "Domain\Domain.csproj", "{AE59B28D-1267-4D4E-B6B8-2C3B56F515E3}"
EndProject
Project("{9A19103F-16F7-4668-BE54-9A1E7A4F7556}") = "BusinessLogic", "BusinessLogic\BusinessLogic.csproj", "{741FE0E0-5AF0-4C28-A570-D1F4C85B03D9}"
EndProject
Project("{9A19103F-16F7-4668-BE54-9A1E7A4F7556}") = "Persistence", "Persistence\Persistence.csproj", "{D02F755E-70CF-437B-AC49-04EC49C6B59A}"
EndProject
Project("{9A19103F-16F7-4668-BE54-9A1E7A4F7556}") = "API", "API\API.csproj", "{28E39F97-43FF-4F93-95B2-C94DD83010B2}"
EndProject
Project("{FAE04EC0-301F-11D3-BF4B-00C04F79EFBC}") = "InsurerAPI.Test", "InsurerAPI.Test\InsurerAPI.Test.csproj", "{9318E21C-BDD0-4696-B5E4-543B590FB82C}"
EndProject
Global
	GlobalSection(SolutionConfigurationPlatforms) = preSolution
		Debug|Any CPU = Debug|Any CPU
		Release|Any CPU = Release|Any CPU
	EndGlobalSection
	GlobalSection(ProjectConfigurationPlatforms) = postSolution
		{AE59B28D-1267-4D4E-B6B8-2C3B56F515E3}.Debug|Any CPU.ActiveCfg = Debug|Any CPU
		{AE59B28D-1267-4D4E-B6B8-2C3B56F515E3}.Debug|Any CPU.Build.0 = Debug|Any CPU
		{AE59B28D-1267-4D4E-B6B8-2C3B56F515E3}.Release|Any CPU.ActiveCfg = Release|Any CPU
		{AE59B28D-1267-4D4E-B6B8-2C3B56F515E3}.Release|Any CPU.Build.0 = Release|Any CPU
		{741FE0E0-5AF0-4C28-A570-D1F4C85B03D9}.Debug|Any CPU.ActiveCfg = Debug|Any CPU
		{741FE0E0-5AF0-4C28-A570-D1F4C85B03D9}.Debug|Any CPU.Build.0 = Debug|Any CPU
		{741FE0E0-5AF0-4C28-A570-D1F4C85B03D9}.Release|Any CPU.ActiveCfg = Release|Any CPU
		{741FE0E0-5AF0-4C28-A570-D1F4C85B03D9}.Release|Any CPU.Build.0 = Release|Any CPU
		{D02F755E-70CF-437B-AC49-04EC49C6B59A}.Debug|Any CPU.ActiveCfg = Debug|Any CPU
		{D02F755E-70CF-437B-AC49-04EC49C6B59A}.Debug|Any CPU.Build.0 = Debug|Any CPU
		{D02F755E-70CF-437B-AC49-04EC49C6B59A}.Release|Any CPU.ActiveCfg = Release|Any CPU
		{D02F755E-70CF-437B-AC49-04EC49C6B59A}.Release|Any CPU.Build.0 = Release|Any CPU
		{28E39F97-43FF-4F93-95B2-C94DD83010B2}.Debug|Any CPU.ActiveCfg = Debug|Any CPU
		{28E39F97-43FF-4F93-95B2-C94DD83010B2}.Debug|Any CPU.Build.0 = Debug|Any CPU
		{28E39F97-43FF-4F93-95B2-C94DD83010B2}.Release|Any CPU.ActiveCfg = Release|Any CPU
		{28E39F97-43FF-4F93-95B2-C94DD83010B2}.Release|Any CPU.Build.0 = Release|Any CPU
		{9318E21C-BDD0-4696-B5E4-543B590FB82C}.Debug|Any CPU.ActiveCfg = Debug|Any CPU
		{9318E21C-BDD0-4696-B5E4-543B590FB82C}.Debug|Any CPU.Build.0 = Debug|Any CPU
		{9318E21C-BDD0-4696-B5E4-543B590FB82C}.Release|Any CPU.ActiveCfg = Release|Any CPU
		{9318E21C-BDD0-4696-B5E4-543B590FB82C}.Release|Any CPU.Build.0 = Release|Any CPU
	EndGlobalSection
	GlobalSection(SolutionProperties) = preSolution
		HideSolutionNode = FALSE
	EndGlobalSection
	GlobalSection(ExtensibilityGlobals) = postSolution
		SolutionGuid = {97218901-C956-4427-B979-71ECF87C6A66}
	EndGlobalSection
EndGlobal
